
Microsoft Visual Studio Solution File, Format Version 12.00
# Visual Studio Version 16
VisualStudioVersion = 16.0.30615.102
MinimumVisualStudioVersion = 15.0.26124.0
Project("{2150E333-8FDC-42A3-9474-1A3956D46DE8}") = "src", "src", "{38B97986-BDEA-4FDA-A7C4-E2584D17A573}"
EndProject
Project("{9A19103F-16F7-4668-BE54-9A1E7A4F7556}") = "SourceGenerator", "src\source-generator\SourceGenerator.csproj", "{7CE724B6-0C78-4DD9-8C05-09B768445B09}"
EndProject
Project("{2150E333-8FDC-42A3-9474-1A3956D46DE8}") = "Solution Items", "Solution Items", "{3F68CDF8-528B-4326-BC38-C3E60CD64E26}"
	ProjectSection(SolutionItems) = preProject
		.editorconfig = .editorconfig
		Directory.Build.props = Directory.Build.props
		Directory.Build.targets = Directory.Build.targets
	EndProjectSection
EndProject
Project("{9A19103F-16F7-4668-BE54-9A1E7A4F7556}") = "Runner", "src\runner\Runner.csproj", "{31075AF6-8726-4619-89C4-261C13E5B1A5}"
EndProject
Project("{9A19103F-16F7-4668-BE54-9A1E7A4F7556}") = "Shared", "src\shared\Shared.csproj", "{6231724F-9B7D-45DB-BA3A-0F51A04BEDC3}"
EndProject
Project("{2150E333-8FDC-42A3-9474-1A3956D46DE8}") = "years", "years", "{FFAB2CF7-AD44-4F41-B873-09827CEF2652}"
	ProjectSection(SolutionItems) = preProject
		src\years\Directory.Build.targets = src\years\Directory.Build.targets
	EndProjectSection
EndProject
Project("{2150E333-8FDC-42A3-9474-1A3956D46DE8}") = "2020", "2020", "{0D857706-4B0C-4E86-A086-79A51DDC351E}"
EndProject
Project("{9A19103F-16F7-4668-BE54-9A1E7A4F7556}") = "DayOne2020", "src\years\2020\day-one\DayOne2020.csproj", "{781CA735-5EFE-47DE-A724-ED2EB38EAF10}"
EndProject
Project("{2150E333-8FDC-42A3-9474-1A3956D46DE8}") = "2019", "2019", "{A3996336-EBC0-4B49-B394-4A2D717C5B44}"
EndProject
Project("{9A19103F-16F7-4668-BE54-9A1E7A4F7556}") = "DayOne2019", "src\years\2019\day-one\DayOne2019.csproj", "{473F3BD6-5F43-4AF5-908C-697FF3F1ADF8}"
EndProject
Project("{9A19103F-16F7-4668-BE54-9A1E7A4F7556}") = "DayTwentyTwo2019", "src\years\2019\day-twenty-two\DayTwentyTwo2019.csproj", "{5D23445D-08B5-47DD-9AB8-F25A54F9A4B9}"
EndProject
Project("{9A19103F-16F7-4668-BE54-9A1E7A4F7556}") = "DayEighteen2019", "src\years\2019\day-eighteen\DayEighteen2019.csproj", "{2486A3A3-A824-4BAE-97D1-BA5871D4784F}"
EndProject
Project("{9A19103F-16F7-4668-BE54-9A1E7A4F7556}") = "DayTwo2020", "src\years\2020\day-two\DayTwo2020.csproj", "{71607A8D-2C61-4614-8E82-AE3D81E83DBE}"
EndProject
Project("{9A19103F-16F7-4668-BE54-9A1E7A4F7556}") = "DayThree2020", "src\years\2020\day-three\DayThree2020.csproj", "{3A4B48C1-2822-4B51-8BD5-D566E2DBFADF}"
EndProject
Project("{9A19103F-16F7-4668-BE54-9A1E7A4F7556}") = "DayFour2020", "src\years\2020\day-four\DayFour2020.csproj", "{A4AA9BD4-D6C7-48F4-BF3C-EB1B4BEFE1BD}"
EndProject
Project("{9A19103F-16F7-4668-BE54-9A1E7A4F7556}") = "DayFive2020", "src\years\2020\day-five\DayFive2020.csproj", "{2A5A0A22-1ECE-420B-913B-C7BE90AF809E}"
EndProject
Project("{9A19103F-16F7-4668-BE54-9A1E7A4F7556}") = "DaySix2020", "src\years\2020\day-six\DaySix2020.csproj", "{58FE8C23-1544-415F-B5B4-20CDC27861CD}"
EndProject
Project("{9A19103F-16F7-4668-BE54-9A1E7A4F7556}") = "DaySeven2020", "src\years\2020\day-seven\DaySeven2020.csproj", "{E103EE74-BE82-48F0-8979-B54929EF4743}"
EndProject
Project("{9A19103F-16F7-4668-BE54-9A1E7A4F7556}") = "DayEight2020", "src\years\2020\day-eight\DayEight2020.csproj", "{77BE2308-FA2A-46BF-A545-A2790449F594}"
EndProject
Project("{9A19103F-16F7-4668-BE54-9A1E7A4F7556}") = "DayNine2020", "src\years\2020\day-nine\DayNine2020.csproj", "{3E567176-9396-4E88-9741-2B818472AC83}"
EndProject
Project("{9A19103F-16F7-4668-BE54-9A1E7A4F7556}") = "DayTen2020", "src\years\2020\day-ten\DayTen2020.csproj", "{C4E016E4-1010-40F6-BD59-770B64F91540}"
EndProject
Project("{9A19103F-16F7-4668-BE54-9A1E7A4F7556}") = "DayEleven2020", "src\years\2020\day-eleven\DayEleven2020.csproj", "{AC198FD4-C8C3-4CA5-9F87-84869F4F85AB}"
EndProject
Project("{9A19103F-16F7-4668-BE54-9A1E7A4F7556}") = "DayTwelve2020", "src\years\2020\day-twelve\DayTwelve2020.csproj", "{363FF51A-B23C-4343-B7E9-C64A8A3AC803}"
EndProject
Project("{9A19103F-16F7-4668-BE54-9A1E7A4F7556}") = "DayThirteen2020", "src\years\2020\day-thirteen\DayThirteen2020.csproj", "{6E78FE2B-A7E9-47D9-A3D1-B09220765992}"
EndProject
Project("{9A19103F-16F7-4668-BE54-9A1E7A4F7556}") = "DayFourteen2020", "src\years\2020\day-fourteen\DayFourteen2020.csproj", "{731859A6-FB3D-4C61-9B03-BE0F1B417307}"
EndProject
Project("{9A19103F-16F7-4668-BE54-9A1E7A4F7556}") = "DayFifteen2020", "src\years\2020\day-fifteen\DayFifteen2020.csproj", "{A3E4C3C4-BA55-4B4B-9A09-2D1F952C1C78}"
EndProject
Project("{9A19103F-16F7-4668-BE54-9A1E7A4F7556}") = "DaySixteen2020", "src\years\2020\day-sixteen\DaySixteen2020.csproj", "{7BE00BD5-448E-4735-8F5C-1DE8E6649ADE}"
EndProject
Project("{9A19103F-16F7-4668-BE54-9A1E7A4F7556}") = "DaySeventeen2020", "src\years\2020\day-seventeen\DaySeventeen2020.csproj", "{822F1B87-5DB0-44DB-A5D5-FB71656A9F54}"
EndProject
Project("{9A19103F-16F7-4668-BE54-9A1E7A4F7556}") = "DayNineteen2020", "src\years\2020\day-nineteen\DayNineteen2020.csproj", "{37E36121-B7B0-4297-BF4D-2F9498A3BB5D}"
EndProject
Project("{9A19103F-16F7-4668-BE54-9A1E7A4F7556}") = "DayEighteen2020", "src\years\2020\day-eighteen\DayEighteen2020.csproj", "{AD7001C3-5DD9-46B2-863B-2581D6245540}"
EndProject
Project("{9A19103F-16F7-4668-BE54-9A1E7A4F7556}") = "DayTwenty2020", "src\years\2020\day-twenty\DayTwenty2020.csproj", "{1332352F-ABA3-4AC9-8860-EC398F6F9A3D}"
EndProject
Project("{9A19103F-16F7-4668-BE54-9A1E7A4F7556}") = "DayTwentyOne2020", "src\years\2020\day-twenty-one\DayTwentyOne2020.csproj", "{93B9CF8B-A804-4D00-810D-1F85238F35D3}"
EndProject
Project("{9A19103F-16F7-4668-BE54-9A1E7A4F7556}") = "DayTwentyTwo2020", "src\years\2020\day-twenty-two\DayTwentyTwo2020.csproj", "{068309FF-2D7A-4163-B734-7FE80E130835}"
EndProject
Project("{9A19103F-16F7-4668-BE54-9A1E7A4F7556}") = "Template", "src\Template\Template.csproj", "{6E18B518-3F12-41CA-9741-80E814B3944B}"
EndProject
Project("{9A19103F-16F7-4668-BE54-9A1E7A4F7556}") = "DayTwentyThree2020", "src\years\2020\day-twenty-three\DayTwentyThree2020.csproj", "{DC43A217-AC1D-44E0-B3BF-7E2CD0E85047}"
EndProject
Project("{FAE04EC0-301F-11D3-BF4B-00C04F79EFBC}") = "DayTwentyFour2020", "src\years\2020\day-twenty-four\DayTwentyFour2020.csproj", "{8C3426CD-83F9-43F9-ADD2-70B43FC300D8}"
EndProject
Project("{FAE04EC0-301F-11D3-BF4B-00C04F79EFBC}") = "DayTwentyFive2020", "src\years\2020\day-twenty-five\DayTwentyFive2020.csproj", "{BD8AF8C8-4BCA-49D2-84C1-9DE35547E0A4}"
EndProject
Project("{FAE04EC0-301F-11D3-BF4B-00C04F79EFBC}") = "DayTwentyFour2019", "src\years\2019\day-twenty-four\DayTwentyFour2019.csproj", "{6B0FF711-20E6-4220-A1FF-B89F9CD944BD}"
EndProject
Global
	GlobalSection(SolutionConfigurationPlatforms) = preSolution
		Debug|Any CPU = Debug|Any CPU
		Debug|x64 = Debug|x64
		Debug|x86 = Debug|x86
		Release|Any CPU = Release|Any CPU
		Release|x64 = Release|x64
		Release|x86 = Release|x86
	EndGlobalSection
	GlobalSection(ProjectConfigurationPlatforms) = postSolution
		{7CE724B6-0C78-4DD9-8C05-09B768445B09}.Debug|Any CPU.ActiveCfg = Debug|Any CPU
		{7CE724B6-0C78-4DD9-8C05-09B768445B09}.Debug|Any CPU.Build.0 = Debug|Any CPU
		{7CE724B6-0C78-4DD9-8C05-09B768445B09}.Debug|x64.ActiveCfg = Debug|Any CPU
		{7CE724B6-0C78-4DD9-8C05-09B768445B09}.Debug|x64.Build.0 = Debug|Any CPU
		{7CE724B6-0C78-4DD9-8C05-09B768445B09}.Debug|x86.ActiveCfg = Debug|Any CPU
		{7CE724B6-0C78-4DD9-8C05-09B768445B09}.Debug|x86.Build.0 = Debug|Any CPU
		{7CE724B6-0C78-4DD9-8C05-09B768445B09}.Release|Any CPU.ActiveCfg = Release|Any CPU
		{7CE724B6-0C78-4DD9-8C05-09B768445B09}.Release|Any CPU.Build.0 = Release|Any CPU
		{7CE724B6-0C78-4DD9-8C05-09B768445B09}.Release|x64.ActiveCfg = Release|Any CPU
		{7CE724B6-0C78-4DD9-8C05-09B768445B09}.Release|x64.Build.0 = Release|Any CPU
		{7CE724B6-0C78-4DD9-8C05-09B768445B09}.Release|x86.ActiveCfg = Release|Any CPU
		{7CE724B6-0C78-4DD9-8C05-09B768445B09}.Release|x86.Build.0 = Release|Any CPU
		{31075AF6-8726-4619-89C4-261C13E5B1A5}.Debug|Any CPU.ActiveCfg = Debug|Any CPU
		{31075AF6-8726-4619-89C4-261C13E5B1A5}.Debug|Any CPU.Build.0 = Debug|Any CPU
		{31075AF6-8726-4619-89C4-261C13E5B1A5}.Debug|x64.ActiveCfg = Debug|Any CPU
		{31075AF6-8726-4619-89C4-261C13E5B1A5}.Debug|x64.Build.0 = Debug|Any CPU
		{31075AF6-8726-4619-89C4-261C13E5B1A5}.Debug|x86.ActiveCfg = Debug|Any CPU
		{31075AF6-8726-4619-89C4-261C13E5B1A5}.Debug|x86.Build.0 = Debug|Any CPU
		{31075AF6-8726-4619-89C4-261C13E5B1A5}.Release|Any CPU.ActiveCfg = Release|Any CPU
		{31075AF6-8726-4619-89C4-261C13E5B1A5}.Release|Any CPU.Build.0 = Release|Any CPU
		{31075AF6-8726-4619-89C4-261C13E5B1A5}.Release|x64.ActiveCfg = Release|Any CPU
		{31075AF6-8726-4619-89C4-261C13E5B1A5}.Release|x64.Build.0 = Release|Any CPU
		{31075AF6-8726-4619-89C4-261C13E5B1A5}.Release|x86.ActiveCfg = Release|Any CPU
		{31075AF6-8726-4619-89C4-261C13E5B1A5}.Release|x86.Build.0 = Release|Any CPU
		{6231724F-9B7D-45DB-BA3A-0F51A04BEDC3}.Debug|Any CPU.ActiveCfg = Debug|Any CPU
		{6231724F-9B7D-45DB-BA3A-0F51A04BEDC3}.Debug|Any CPU.Build.0 = Debug|Any CPU
		{6231724F-9B7D-45DB-BA3A-0F51A04BEDC3}.Debug|x64.ActiveCfg = Debug|Any CPU
		{6231724F-9B7D-45DB-BA3A-0F51A04BEDC3}.Debug|x64.Build.0 = Debug|Any CPU
		{6231724F-9B7D-45DB-BA3A-0F51A04BEDC3}.Debug|x86.ActiveCfg = Debug|Any CPU
		{6231724F-9B7D-45DB-BA3A-0F51A04BEDC3}.Debug|x86.Build.0 = Debug|Any CPU
		{6231724F-9B7D-45DB-BA3A-0F51A04BEDC3}.Release|Any CPU.ActiveCfg = Release|Any CPU
		{6231724F-9B7D-45DB-BA3A-0F51A04BEDC3}.Release|Any CPU.Build.0 = Release|Any CPU
		{6231724F-9B7D-45DB-BA3A-0F51A04BEDC3}.Release|x64.ActiveCfg = Release|Any CPU
		{6231724F-9B7D-45DB-BA3A-0F51A04BEDC3}.Release|x64.Build.0 = Release|Any CPU
		{6231724F-9B7D-45DB-BA3A-0F51A04BEDC3}.Release|x86.ActiveCfg = Release|Any CPU
		{6231724F-9B7D-45DB-BA3A-0F51A04BEDC3}.Release|x86.Build.0 = Release|Any CPU
		{781CA735-5EFE-47DE-A724-ED2EB38EAF10}.Debug|Any CPU.ActiveCfg = Debug|Any CPU
		{781CA735-5EFE-47DE-A724-ED2EB38EAF10}.Debug|Any CPU.Build.0 = Debug|Any CPU
		{781CA735-5EFE-47DE-A724-ED2EB38EAF10}.Debug|x64.ActiveCfg = Debug|Any CPU
		{781CA735-5EFE-47DE-A724-ED2EB38EAF10}.Debug|x64.Build.0 = Debug|Any CPU
		{781CA735-5EFE-47DE-A724-ED2EB38EAF10}.Debug|x86.ActiveCfg = Debug|Any CPU
		{781CA735-5EFE-47DE-A724-ED2EB38EAF10}.Debug|x86.Build.0 = Debug|Any CPU
		{781CA735-5EFE-47DE-A724-ED2EB38EAF10}.Release|Any CPU.ActiveCfg = Release|Any CPU
		{781CA735-5EFE-47DE-A724-ED2EB38EAF10}.Release|Any CPU.Build.0 = Release|Any CPU
		{781CA735-5EFE-47DE-A724-ED2EB38EAF10}.Release|x64.ActiveCfg = Release|Any CPU
		{781CA735-5EFE-47DE-A724-ED2EB38EAF10}.Release|x64.Build.0 = Release|Any CPU
		{781CA735-5EFE-47DE-A724-ED2EB38EAF10}.Release|x86.ActiveCfg = Release|Any CPU
		{781CA735-5EFE-47DE-A724-ED2EB38EAF10}.Release|x86.Build.0 = Release|Any CPU
		{473F3BD6-5F43-4AF5-908C-697FF3F1ADF8}.Debug|Any CPU.ActiveCfg = Debug|Any CPU
		{473F3BD6-5F43-4AF5-908C-697FF3F1ADF8}.Debug|Any CPU.Build.0 = Debug|Any CPU
		{473F3BD6-5F43-4AF5-908C-697FF3F1ADF8}.Debug|x64.ActiveCfg = Debug|Any CPU
		{473F3BD6-5F43-4AF5-908C-697FF3F1ADF8}.Debug|x64.Build.0 = Debug|Any CPU
		{473F3BD6-5F43-4AF5-908C-697FF3F1ADF8}.Debug|x86.ActiveCfg = Debug|Any CPU
		{473F3BD6-5F43-4AF5-908C-697FF3F1ADF8}.Debug|x86.Build.0 = Debug|Any CPU
		{473F3BD6-5F43-4AF5-908C-697FF3F1ADF8}.Release|Any CPU.ActiveCfg = Release|Any CPU
		{473F3BD6-5F43-4AF5-908C-697FF3F1ADF8}.Release|Any CPU.Build.0 = Release|Any CPU
		{473F3BD6-5F43-4AF5-908C-697FF3F1ADF8}.Release|x64.ActiveCfg = Release|Any CPU
		{473F3BD6-5F43-4AF5-908C-697FF3F1ADF8}.Release|x64.Build.0 = Release|Any CPU
		{473F3BD6-5F43-4AF5-908C-697FF3F1ADF8}.Release|x86.ActiveCfg = Release|Any CPU
		{473F3BD6-5F43-4AF5-908C-697FF3F1ADF8}.Release|x86.Build.0 = Release|Any CPU
		{5D23445D-08B5-47DD-9AB8-F25A54F9A4B9}.Debug|Any CPU.ActiveCfg = Debug|Any CPU
		{5D23445D-08B5-47DD-9AB8-F25A54F9A4B9}.Debug|Any CPU.Build.0 = Debug|Any CPU
		{5D23445D-08B5-47DD-9AB8-F25A54F9A4B9}.Debug|x64.ActiveCfg = Debug|Any CPU
		{5D23445D-08B5-47DD-9AB8-F25A54F9A4B9}.Debug|x64.Build.0 = Debug|Any CPU
		{5D23445D-08B5-47DD-9AB8-F25A54F9A4B9}.Debug|x86.ActiveCfg = Debug|Any CPU
		{5D23445D-08B5-47DD-9AB8-F25A54F9A4B9}.Debug|x86.Build.0 = Debug|Any CPU
		{5D23445D-08B5-47DD-9AB8-F25A54F9A4B9}.Release|Any CPU.ActiveCfg = Release|Any CPU
		{5D23445D-08B5-47DD-9AB8-F25A54F9A4B9}.Release|Any CPU.Build.0 = Release|Any CPU
		{5D23445D-08B5-47DD-9AB8-F25A54F9A4B9}.Release|x64.ActiveCfg = Release|Any CPU
		{5D23445D-08B5-47DD-9AB8-F25A54F9A4B9}.Release|x64.Build.0 = Release|Any CPU
		{5D23445D-08B5-47DD-9AB8-F25A54F9A4B9}.Release|x86.ActiveCfg = Release|Any CPU
		{5D23445D-08B5-47DD-9AB8-F25A54F9A4B9}.Release|x86.Build.0 = Release|Any CPU
		{2486A3A3-A824-4BAE-97D1-BA5871D4784F}.Debug|Any CPU.ActiveCfg = Debug|Any CPU
		{2486A3A3-A824-4BAE-97D1-BA5871D4784F}.Debug|Any CPU.Build.0 = Debug|Any CPU
		{2486A3A3-A824-4BAE-97D1-BA5871D4784F}.Debug|x64.ActiveCfg = Debug|Any CPU
		{2486A3A3-A824-4BAE-97D1-BA5871D4784F}.Debug|x64.Build.0 = Debug|Any CPU
		{2486A3A3-A824-4BAE-97D1-BA5871D4784F}.Debug|x86.ActiveCfg = Debug|Any CPU
		{2486A3A3-A824-4BAE-97D1-BA5871D4784F}.Debug|x86.Build.0 = Debug|Any CPU
		{2486A3A3-A824-4BAE-97D1-BA5871D4784F}.Release|Any CPU.ActiveCfg = Release|Any CPU
		{2486A3A3-A824-4BAE-97D1-BA5871D4784F}.Release|Any CPU.Build.0 = Release|Any CPU
		{2486A3A3-A824-4BAE-97D1-BA5871D4784F}.Release|x64.ActiveCfg = Release|Any CPU
		{2486A3A3-A824-4BAE-97D1-BA5871D4784F}.Release|x64.Build.0 = Release|Any CPU
		{2486A3A3-A824-4BAE-97D1-BA5871D4784F}.Release|x86.ActiveCfg = Release|Any CPU
		{2486A3A3-A824-4BAE-97D1-BA5871D4784F}.Release|x86.Build.0 = Release|Any CPU
		{71607A8D-2C61-4614-8E82-AE3D81E83DBE}.Debug|Any CPU.ActiveCfg = Debug|Any CPU
		{71607A8D-2C61-4614-8E82-AE3D81E83DBE}.Debug|Any CPU.Build.0 = Debug|Any CPU
		{71607A8D-2C61-4614-8E82-AE3D81E83DBE}.Debug|x64.ActiveCfg = Debug|Any CPU
		{71607A8D-2C61-4614-8E82-AE3D81E83DBE}.Debug|x64.Build.0 = Debug|Any CPU
		{71607A8D-2C61-4614-8E82-AE3D81E83DBE}.Debug|x86.ActiveCfg = Debug|Any CPU
		{71607A8D-2C61-4614-8E82-AE3D81E83DBE}.Debug|x86.Build.0 = Debug|Any CPU
		{71607A8D-2C61-4614-8E82-AE3D81E83DBE}.Release|Any CPU.ActiveCfg = Release|Any CPU
		{71607A8D-2C61-4614-8E82-AE3D81E83DBE}.Release|Any CPU.Build.0 = Release|Any CPU
		{71607A8D-2C61-4614-8E82-AE3D81E83DBE}.Release|x64.ActiveCfg = Release|Any CPU
		{71607A8D-2C61-4614-8E82-AE3D81E83DBE}.Release|x64.Build.0 = Release|Any CPU
		{71607A8D-2C61-4614-8E82-AE3D81E83DBE}.Release|x86.ActiveCfg = Release|Any CPU
		{71607A8D-2C61-4614-8E82-AE3D81E83DBE}.Release|x86.Build.0 = Release|Any CPU
		{3A4B48C1-2822-4B51-8BD5-D566E2DBFADF}.Debug|Any CPU.ActiveCfg = Debug|Any CPU
		{3A4B48C1-2822-4B51-8BD5-D566E2DBFADF}.Debug|Any CPU.Build.0 = Debug|Any CPU
		{3A4B48C1-2822-4B51-8BD5-D566E2DBFADF}.Debug|x64.ActiveCfg = Debug|Any CPU
		{3A4B48C1-2822-4B51-8BD5-D566E2DBFADF}.Debug|x64.Build.0 = Debug|Any CPU
		{3A4B48C1-2822-4B51-8BD5-D566E2DBFADF}.Debug|x86.ActiveCfg = Debug|Any CPU
		{3A4B48C1-2822-4B51-8BD5-D566E2DBFADF}.Debug|x86.Build.0 = Debug|Any CPU
		{3A4B48C1-2822-4B51-8BD5-D566E2DBFADF}.Release|Any CPU.ActiveCfg = Release|Any CPU
		{3A4B48C1-2822-4B51-8BD5-D566E2DBFADF}.Release|Any CPU.Build.0 = Release|Any CPU
		{3A4B48C1-2822-4B51-8BD5-D566E2DBFADF}.Release|x64.ActiveCfg = Release|Any CPU
		{3A4B48C1-2822-4B51-8BD5-D566E2DBFADF}.Release|x64.Build.0 = Release|Any CPU
		{3A4B48C1-2822-4B51-8BD5-D566E2DBFADF}.Release|x86.ActiveCfg = Release|Any CPU
		{3A4B48C1-2822-4B51-8BD5-D566E2DBFADF}.Release|x86.Build.0 = Release|Any CPU
		{A4AA9BD4-D6C7-48F4-BF3C-EB1B4BEFE1BD}.Debug|Any CPU.ActiveCfg = Debug|Any CPU
		{A4AA9BD4-D6C7-48F4-BF3C-EB1B4BEFE1BD}.Debug|Any CPU.Build.0 = Debug|Any CPU
		{A4AA9BD4-D6C7-48F4-BF3C-EB1B4BEFE1BD}.Debug|x64.ActiveCfg = Debug|Any CPU
		{A4AA9BD4-D6C7-48F4-BF3C-EB1B4BEFE1BD}.Debug|x64.Build.0 = Debug|Any CPU
		{A4AA9BD4-D6C7-48F4-BF3C-EB1B4BEFE1BD}.Debug|x86.ActiveCfg = Debug|Any CPU
		{A4AA9BD4-D6C7-48F4-BF3C-EB1B4BEFE1BD}.Debug|x86.Build.0 = Debug|Any CPU
		{A4AA9BD4-D6C7-48F4-BF3C-EB1B4BEFE1BD}.Release|Any CPU.ActiveCfg = Release|Any CPU
		{A4AA9BD4-D6C7-48F4-BF3C-EB1B4BEFE1BD}.Release|Any CPU.Build.0 = Release|Any CPU
		{A4AA9BD4-D6C7-48F4-BF3C-EB1B4BEFE1BD}.Release|x64.ActiveCfg = Release|Any CPU
		{A4AA9BD4-D6C7-48F4-BF3C-EB1B4BEFE1BD}.Release|x64.Build.0 = Release|Any CPU
		{A4AA9BD4-D6C7-48F4-BF3C-EB1B4BEFE1BD}.Release|x86.ActiveCfg = Release|Any CPU
		{A4AA9BD4-D6C7-48F4-BF3C-EB1B4BEFE1BD}.Release|x86.Build.0 = Release|Any CPU
		{2A5A0A22-1ECE-420B-913B-C7BE90AF809E}.Debug|Any CPU.ActiveCfg = Debug|Any CPU
		{2A5A0A22-1ECE-420B-913B-C7BE90AF809E}.Debug|Any CPU.Build.0 = Debug|Any CPU
		{2A5A0A22-1ECE-420B-913B-C7BE90AF809E}.Debug|x64.ActiveCfg = Debug|Any CPU
		{2A5A0A22-1ECE-420B-913B-C7BE90AF809E}.Debug|x64.Build.0 = Debug|Any CPU
		{2A5A0A22-1ECE-420B-913B-C7BE90AF809E}.Debug|x86.ActiveCfg = Debug|Any CPU
		{2A5A0A22-1ECE-420B-913B-C7BE90AF809E}.Debug|x86.Build.0 = Debug|Any CPU
		{2A5A0A22-1ECE-420B-913B-C7BE90AF809E}.Release|Any CPU.ActiveCfg = Release|Any CPU
		{2A5A0A22-1ECE-420B-913B-C7BE90AF809E}.Release|Any CPU.Build.0 = Release|Any CPU
		{2A5A0A22-1ECE-420B-913B-C7BE90AF809E}.Release|x64.ActiveCfg = Release|Any CPU
		{2A5A0A22-1ECE-420B-913B-C7BE90AF809E}.Release|x64.Build.0 = Release|Any CPU
		{2A5A0A22-1ECE-420B-913B-C7BE90AF809E}.Release|x86.ActiveCfg = Release|Any CPU
		{2A5A0A22-1ECE-420B-913B-C7BE90AF809E}.Release|x86.Build.0 = Release|Any CPU
		{58FE8C23-1544-415F-B5B4-20CDC27861CD}.Debug|Any CPU.ActiveCfg = Debug|Any CPU
		{58FE8C23-1544-415F-B5B4-20CDC27861CD}.Debug|Any CPU.Build.0 = Debug|Any CPU
		{58FE8C23-1544-415F-B5B4-20CDC27861CD}.Debug|x64.ActiveCfg = Debug|Any CPU
		{58FE8C23-1544-415F-B5B4-20CDC27861CD}.Debug|x64.Build.0 = Debug|Any CPU
		{58FE8C23-1544-415F-B5B4-20CDC27861CD}.Debug|x86.ActiveCfg = Debug|Any CPU
		{58FE8C23-1544-415F-B5B4-20CDC27861CD}.Debug|x86.Build.0 = Debug|Any CPU
		{58FE8C23-1544-415F-B5B4-20CDC27861CD}.Release|Any CPU.ActiveCfg = Release|Any CPU
		{58FE8C23-1544-415F-B5B4-20CDC27861CD}.Release|Any CPU.Build.0 = Release|Any CPU
		{58FE8C23-1544-415F-B5B4-20CDC27861CD}.Release|x64.ActiveCfg = Release|Any CPU
		{58FE8C23-1544-415F-B5B4-20CDC27861CD}.Release|x64.Build.0 = Release|Any CPU
		{58FE8C23-1544-415F-B5B4-20CDC27861CD}.Release|x86.ActiveCfg = Release|Any CPU
		{58FE8C23-1544-415F-B5B4-20CDC27861CD}.Release|x86.Build.0 = Release|Any CPU
		{E103EE74-BE82-48F0-8979-B54929EF4743}.Debug|Any CPU.ActiveCfg = Debug|Any CPU
		{E103EE74-BE82-48F0-8979-B54929EF4743}.Debug|Any CPU.Build.0 = Debug|Any CPU
		{E103EE74-BE82-48F0-8979-B54929EF4743}.Debug|x64.ActiveCfg = Debug|Any CPU
		{E103EE74-BE82-48F0-8979-B54929EF4743}.Debug|x64.Build.0 = Debug|Any CPU
		{E103EE74-BE82-48F0-8979-B54929EF4743}.Debug|x86.ActiveCfg = Debug|Any CPU
		{E103EE74-BE82-48F0-8979-B54929EF4743}.Debug|x86.Build.0 = Debug|Any CPU
		{E103EE74-BE82-48F0-8979-B54929EF4743}.Release|Any CPU.ActiveCfg = Release|Any CPU
		{E103EE74-BE82-48F0-8979-B54929EF4743}.Release|Any CPU.Build.0 = Release|Any CPU
		{E103EE74-BE82-48F0-8979-B54929EF4743}.Release|x64.ActiveCfg = Release|Any CPU
		{E103EE74-BE82-48F0-8979-B54929EF4743}.Release|x64.Build.0 = Release|Any CPU
		{E103EE74-BE82-48F0-8979-B54929EF4743}.Release|x86.ActiveCfg = Release|Any CPU
		{E103EE74-BE82-48F0-8979-B54929EF4743}.Release|x86.Build.0 = Release|Any CPU
		{77BE2308-FA2A-46BF-A545-A2790449F594}.Debug|Any CPU.ActiveCfg = Debug|Any CPU
		{77BE2308-FA2A-46BF-A545-A2790449F594}.Debug|Any CPU.Build.0 = Debug|Any CPU
		{77BE2308-FA2A-46BF-A545-A2790449F594}.Debug|x64.ActiveCfg = Debug|Any CPU
		{77BE2308-FA2A-46BF-A545-A2790449F594}.Debug|x64.Build.0 = Debug|Any CPU
		{77BE2308-FA2A-46BF-A545-A2790449F594}.Debug|x86.ActiveCfg = Debug|Any CPU
		{77BE2308-FA2A-46BF-A545-A2790449F594}.Debug|x86.Build.0 = Debug|Any CPU
		{77BE2308-FA2A-46BF-A545-A2790449F594}.Release|Any CPU.ActiveCfg = Release|Any CPU
		{77BE2308-FA2A-46BF-A545-A2790449F594}.Release|Any CPU.Build.0 = Release|Any CPU
		{77BE2308-FA2A-46BF-A545-A2790449F594}.Release|x64.ActiveCfg = Release|Any CPU
		{77BE2308-FA2A-46BF-A545-A2790449F594}.Release|x64.Build.0 = Release|Any CPU
		{77BE2308-FA2A-46BF-A545-A2790449F594}.Release|x86.ActiveCfg = Release|Any CPU
		{77BE2308-FA2A-46BF-A545-A2790449F594}.Release|x86.Build.0 = Release|Any CPU
		{3E567176-9396-4E88-9741-2B818472AC83}.Debug|Any CPU.ActiveCfg = Debug|Any CPU
		{3E567176-9396-4E88-9741-2B818472AC83}.Debug|Any CPU.Build.0 = Debug|Any CPU
		{3E567176-9396-4E88-9741-2B818472AC83}.Debug|x64.ActiveCfg = Debug|Any CPU
		{3E567176-9396-4E88-9741-2B818472AC83}.Debug|x64.Build.0 = Debug|Any CPU
		{3E567176-9396-4E88-9741-2B818472AC83}.Debug|x86.ActiveCfg = Debug|Any CPU
		{3E567176-9396-4E88-9741-2B818472AC83}.Debug|x86.Build.0 = Debug|Any CPU
		{3E567176-9396-4E88-9741-2B818472AC83}.Release|Any CPU.ActiveCfg = Release|Any CPU
		{3E567176-9396-4E88-9741-2B818472AC83}.Release|Any CPU.Build.0 = Release|Any CPU
		{3E567176-9396-4E88-9741-2B818472AC83}.Release|x64.ActiveCfg = Release|Any CPU
		{3E567176-9396-4E88-9741-2B818472AC83}.Release|x64.Build.0 = Release|Any CPU
		{3E567176-9396-4E88-9741-2B818472AC83}.Release|x86.ActiveCfg = Release|Any CPU
		{3E567176-9396-4E88-9741-2B818472AC83}.Release|x86.Build.0 = Release|Any CPU
		{C4E016E4-1010-40F6-BD59-770B64F91540}.Debug|Any CPU.ActiveCfg = Debug|Any CPU
		{C4E016E4-1010-40F6-BD59-770B64F91540}.Debug|Any CPU.Build.0 = Debug|Any CPU
		{C4E016E4-1010-40F6-BD59-770B64F91540}.Debug|x64.ActiveCfg = Debug|Any CPU
		{C4E016E4-1010-40F6-BD59-770B64F91540}.Debug|x64.Build.0 = Debug|Any CPU
		{C4E016E4-1010-40F6-BD59-770B64F91540}.Debug|x86.ActiveCfg = Debug|Any CPU
		{C4E016E4-1010-40F6-BD59-770B64F91540}.Debug|x86.Build.0 = Debug|Any CPU
		{C4E016E4-1010-40F6-BD59-770B64F91540}.Release|Any CPU.ActiveCfg = Release|Any CPU
		{C4E016E4-1010-40F6-BD59-770B64F91540}.Release|Any CPU.Build.0 = Release|Any CPU
		{C4E016E4-1010-40F6-BD59-770B64F91540}.Release|x64.ActiveCfg = Release|Any CPU
		{C4E016E4-1010-40F6-BD59-770B64F91540}.Release|x64.Build.0 = Release|Any CPU
		{C4E016E4-1010-40F6-BD59-770B64F91540}.Release|x86.ActiveCfg = Release|Any CPU
		{C4E016E4-1010-40F6-BD59-770B64F91540}.Release|x86.Build.0 = Release|Any CPU
		{AC198FD4-C8C3-4CA5-9F87-84869F4F85AB}.Debug|Any CPU.ActiveCfg = Debug|Any CPU
		{AC198FD4-C8C3-4CA5-9F87-84869F4F85AB}.Debug|Any CPU.Build.0 = Debug|Any CPU
		{AC198FD4-C8C3-4CA5-9F87-84869F4F85AB}.Debug|x64.ActiveCfg = Debug|Any CPU
		{AC198FD4-C8C3-4CA5-9F87-84869F4F85AB}.Debug|x64.Build.0 = Debug|Any CPU
		{AC198FD4-C8C3-4CA5-9F87-84869F4F85AB}.Debug|x86.ActiveCfg = Debug|Any CPU
		{AC198FD4-C8C3-4CA5-9F87-84869F4F85AB}.Debug|x86.Build.0 = Debug|Any CPU
		{AC198FD4-C8C3-4CA5-9F87-84869F4F85AB}.Release|Any CPU.ActiveCfg = Release|Any CPU
		{AC198FD4-C8C3-4CA5-9F87-84869F4F85AB}.Release|Any CPU.Build.0 = Release|Any CPU
		{AC198FD4-C8C3-4CA5-9F87-84869F4F85AB}.Release|x64.ActiveCfg = Release|Any CPU
		{AC198FD4-C8C3-4CA5-9F87-84869F4F85AB}.Release|x64.Build.0 = Release|Any CPU
		{AC198FD4-C8C3-4CA5-9F87-84869F4F85AB}.Release|x86.ActiveCfg = Release|Any CPU
		{AC198FD4-C8C3-4CA5-9F87-84869F4F85AB}.Release|x86.Build.0 = Release|Any CPU
		{363FF51A-B23C-4343-B7E9-C64A8A3AC803}.Debug|Any CPU.ActiveCfg = Debug|Any CPU
		{363FF51A-B23C-4343-B7E9-C64A8A3AC803}.Debug|Any CPU.Build.0 = Debug|Any CPU
		{363FF51A-B23C-4343-B7E9-C64A8A3AC803}.Debug|x64.ActiveCfg = Debug|Any CPU
		{363FF51A-B23C-4343-B7E9-C64A8A3AC803}.Debug|x64.Build.0 = Debug|Any CPU
		{363FF51A-B23C-4343-B7E9-C64A8A3AC803}.Debug|x86.ActiveCfg = Debug|Any CPU
		{363FF51A-B23C-4343-B7E9-C64A8A3AC803}.Debug|x86.Build.0 = Debug|Any CPU
		{363FF51A-B23C-4343-B7E9-C64A8A3AC803}.Release|Any CPU.ActiveCfg = Release|Any CPU
		{363FF51A-B23C-4343-B7E9-C64A8A3AC803}.Release|Any CPU.Build.0 = Release|Any CPU
		{363FF51A-B23C-4343-B7E9-C64A8A3AC803}.Release|x64.ActiveCfg = Release|Any CPU
		{363FF51A-B23C-4343-B7E9-C64A8A3AC803}.Release|x64.Build.0 = Release|Any CPU
		{363FF51A-B23C-4343-B7E9-C64A8A3AC803}.Release|x86.ActiveCfg = Release|Any CPU
		{363FF51A-B23C-4343-B7E9-C64A8A3AC803}.Release|x86.Build.0 = Release|Any CPU
		{6E78FE2B-A7E9-47D9-A3D1-B09220765992}.Debug|Any CPU.ActiveCfg = Debug|Any CPU
		{6E78FE2B-A7E9-47D9-A3D1-B09220765992}.Debug|Any CPU.Build.0 = Debug|Any CPU
		{6E78FE2B-A7E9-47D9-A3D1-B09220765992}.Debug|x64.ActiveCfg = Debug|Any CPU
		{6E78FE2B-A7E9-47D9-A3D1-B09220765992}.Debug|x64.Build.0 = Debug|Any CPU
		{6E78FE2B-A7E9-47D9-A3D1-B09220765992}.Debug|x86.ActiveCfg = Debug|Any CPU
		{6E78FE2B-A7E9-47D9-A3D1-B09220765992}.Debug|x86.Build.0 = Debug|Any CPU
		{6E78FE2B-A7E9-47D9-A3D1-B09220765992}.Release|Any CPU.ActiveCfg = Release|Any CPU
		{6E78FE2B-A7E9-47D9-A3D1-B09220765992}.Release|Any CPU.Build.0 = Release|Any CPU
		{6E78FE2B-A7E9-47D9-A3D1-B09220765992}.Release|x64.ActiveCfg = Release|Any CPU
		{6E78FE2B-A7E9-47D9-A3D1-B09220765992}.Release|x64.Build.0 = Release|Any CPU
		{6E78FE2B-A7E9-47D9-A3D1-B09220765992}.Release|x86.ActiveCfg = Release|Any CPU
		{6E78FE2B-A7E9-47D9-A3D1-B09220765992}.Release|x86.Build.0 = Release|Any CPU
		{731859A6-FB3D-4C61-9B03-BE0F1B417307}.Debug|Any CPU.ActiveCfg = Debug|Any CPU
		{731859A6-FB3D-4C61-9B03-BE0F1B417307}.Debug|Any CPU.Build.0 = Debug|Any CPU
		{731859A6-FB3D-4C61-9B03-BE0F1B417307}.Debug|x64.ActiveCfg = Debug|Any CPU
		{731859A6-FB3D-4C61-9B03-BE0F1B417307}.Debug|x64.Build.0 = Debug|Any CPU
		{731859A6-FB3D-4C61-9B03-BE0F1B417307}.Debug|x86.ActiveCfg = Debug|Any CPU
		{731859A6-FB3D-4C61-9B03-BE0F1B417307}.Debug|x86.Build.0 = Debug|Any CPU
		{731859A6-FB3D-4C61-9B03-BE0F1B417307}.Release|Any CPU.ActiveCfg = Release|Any CPU
		{731859A6-FB3D-4C61-9B03-BE0F1B417307}.Release|Any CPU.Build.0 = Release|Any CPU
		{731859A6-FB3D-4C61-9B03-BE0F1B417307}.Release|x64.ActiveCfg = Release|Any CPU
		{731859A6-FB3D-4C61-9B03-BE0F1B417307}.Release|x64.Build.0 = Release|Any CPU
		{731859A6-FB3D-4C61-9B03-BE0F1B417307}.Release|x86.ActiveCfg = Release|Any CPU
		{731859A6-FB3D-4C61-9B03-BE0F1B417307}.Release|x86.Build.0 = Release|Any CPU
		{A3E4C3C4-BA55-4B4B-9A09-2D1F952C1C78}.Debug|Any CPU.ActiveCfg = Debug|Any CPU
		{A3E4C3C4-BA55-4B4B-9A09-2D1F952C1C78}.Debug|Any CPU.Build.0 = Debug|Any CPU
		{A3E4C3C4-BA55-4B4B-9A09-2D1F952C1C78}.Debug|x64.ActiveCfg = Debug|Any CPU
		{A3E4C3C4-BA55-4B4B-9A09-2D1F952C1C78}.Debug|x64.Build.0 = Debug|Any CPU
		{A3E4C3C4-BA55-4B4B-9A09-2D1F952C1C78}.Debug|x86.ActiveCfg = Debug|Any CPU
		{A3E4C3C4-BA55-4B4B-9A09-2D1F952C1C78}.Debug|x86.Build.0 = Debug|Any CPU
		{A3E4C3C4-BA55-4B4B-9A09-2D1F952C1C78}.Release|Any CPU.ActiveCfg = Release|Any CPU
		{A3E4C3C4-BA55-4B4B-9A09-2D1F952C1C78}.Release|Any CPU.Build.0 = Release|Any CPU
		{A3E4C3C4-BA55-4B4B-9A09-2D1F952C1C78}.Release|x64.ActiveCfg = Release|Any CPU
		{A3E4C3C4-BA55-4B4B-9A09-2D1F952C1C78}.Release|x64.Build.0 = Release|Any CPU
		{A3E4C3C4-BA55-4B4B-9A09-2D1F952C1C78}.Release|x86.ActiveCfg = Release|Any CPU
		{A3E4C3C4-BA55-4B4B-9A09-2D1F952C1C78}.Release|x86.Build.0 = Release|Any CPU
		{7BE00BD5-448E-4735-8F5C-1DE8E6649ADE}.Debug|Any CPU.ActiveCfg = Debug|Any CPU
		{7BE00BD5-448E-4735-8F5C-1DE8E6649ADE}.Debug|Any CPU.Build.0 = Debug|Any CPU
		{7BE00BD5-448E-4735-8F5C-1DE8E6649ADE}.Debug|x64.ActiveCfg = Debug|Any CPU
		{7BE00BD5-448E-4735-8F5C-1DE8E6649ADE}.Debug|x64.Build.0 = Debug|Any CPU
		{7BE00BD5-448E-4735-8F5C-1DE8E6649ADE}.Debug|x86.ActiveCfg = Debug|Any CPU
		{7BE00BD5-448E-4735-8F5C-1DE8E6649ADE}.Debug|x86.Build.0 = Debug|Any CPU
		{7BE00BD5-448E-4735-8F5C-1DE8E6649ADE}.Release|Any CPU.ActiveCfg = Release|Any CPU
		{7BE00BD5-448E-4735-8F5C-1DE8E6649ADE}.Release|Any CPU.Build.0 = Release|Any CPU
		{7BE00BD5-448E-4735-8F5C-1DE8E6649ADE}.Release|x64.ActiveCfg = Release|Any CPU
		{7BE00BD5-448E-4735-8F5C-1DE8E6649ADE}.Release|x64.Build.0 = Release|Any CPU
		{7BE00BD5-448E-4735-8F5C-1DE8E6649ADE}.Release|x86.ActiveCfg = Release|Any CPU
		{7BE00BD5-448E-4735-8F5C-1DE8E6649ADE}.Release|x86.Build.0 = Release|Any CPU
		{822F1B87-5DB0-44DB-A5D5-FB71656A9F54}.Debug|Any CPU.ActiveCfg = Debug|Any CPU
		{822F1B87-5DB0-44DB-A5D5-FB71656A9F54}.Debug|Any CPU.Build.0 = Debug|Any CPU
		{822F1B87-5DB0-44DB-A5D5-FB71656A9F54}.Debug|x64.ActiveCfg = Debug|Any CPU
		{822F1B87-5DB0-44DB-A5D5-FB71656A9F54}.Debug|x64.Build.0 = Debug|Any CPU
		{822F1B87-5DB0-44DB-A5D5-FB71656A9F54}.Debug|x86.ActiveCfg = Debug|Any CPU
		{822F1B87-5DB0-44DB-A5D5-FB71656A9F54}.Debug|x86.Build.0 = Debug|Any CPU
		{822F1B87-5DB0-44DB-A5D5-FB71656A9F54}.Release|Any CPU.ActiveCfg = Release|Any CPU
		{822F1B87-5DB0-44DB-A5D5-FB71656A9F54}.Release|Any CPU.Build.0 = Release|Any CPU
		{822F1B87-5DB0-44DB-A5D5-FB71656A9F54}.Release|x64.ActiveCfg = Release|Any CPU
		{822F1B87-5DB0-44DB-A5D5-FB71656A9F54}.Release|x64.Build.0 = Release|Any CPU
		{822F1B87-5DB0-44DB-A5D5-FB71656A9F54}.Release|x86.ActiveCfg = Release|Any CPU
		{822F1B87-5DB0-44DB-A5D5-FB71656A9F54}.Release|x86.Build.0 = Release|Any CPU
		{37E36121-B7B0-4297-BF4D-2F9498A3BB5D}.Debug|Any CPU.ActiveCfg = Debug|Any CPU
		{37E36121-B7B0-4297-BF4D-2F9498A3BB5D}.Debug|Any CPU.Build.0 = Debug|Any CPU
		{37E36121-B7B0-4297-BF4D-2F9498A3BB5D}.Debug|x64.ActiveCfg = Debug|Any CPU
		{37E36121-B7B0-4297-BF4D-2F9498A3BB5D}.Debug|x64.Build.0 = Debug|Any CPU
		{37E36121-B7B0-4297-BF4D-2F9498A3BB5D}.Debug|x86.ActiveCfg = Debug|Any CPU
		{37E36121-B7B0-4297-BF4D-2F9498A3BB5D}.Debug|x86.Build.0 = Debug|Any CPU
		{37E36121-B7B0-4297-BF4D-2F9498A3BB5D}.Release|Any CPU.ActiveCfg = Release|Any CPU
		{37E36121-B7B0-4297-BF4D-2F9498A3BB5D}.Release|Any CPU.Build.0 = Release|Any CPU
		{37E36121-B7B0-4297-BF4D-2F9498A3BB5D}.Release|x64.ActiveCfg = Release|Any CPU
		{37E36121-B7B0-4297-BF4D-2F9498A3BB5D}.Release|x64.Build.0 = Release|Any CPU
		{37E36121-B7B0-4297-BF4D-2F9498A3BB5D}.Release|x86.ActiveCfg = Release|Any CPU
		{37E36121-B7B0-4297-BF4D-2F9498A3BB5D}.Release|x86.Build.0 = Release|Any CPU
		{AD7001C3-5DD9-46B2-863B-2581D6245540}.Debug|Any CPU.ActiveCfg = Debug|Any CPU
		{AD7001C3-5DD9-46B2-863B-2581D6245540}.Debug|Any CPU.Build.0 = Debug|Any CPU
		{AD7001C3-5DD9-46B2-863B-2581D6245540}.Debug|x64.ActiveCfg = Debug|Any CPU
		{AD7001C3-5DD9-46B2-863B-2581D6245540}.Debug|x64.Build.0 = Debug|Any CPU
		{AD7001C3-5DD9-46B2-863B-2581D6245540}.Debug|x86.ActiveCfg = Debug|Any CPU
		{AD7001C3-5DD9-46B2-863B-2581D6245540}.Debug|x86.Build.0 = Debug|Any CPU
		{AD7001C3-5DD9-46B2-863B-2581D6245540}.Release|Any CPU.ActiveCfg = Release|Any CPU
		{AD7001C3-5DD9-46B2-863B-2581D6245540}.Release|Any CPU.Build.0 = Release|Any CPU
		{AD7001C3-5DD9-46B2-863B-2581D6245540}.Release|x64.ActiveCfg = Release|Any CPU
		{AD7001C3-5DD9-46B2-863B-2581D6245540}.Release|x64.Build.0 = Release|Any CPU
		{AD7001C3-5DD9-46B2-863B-2581D6245540}.Release|x86.ActiveCfg = Release|Any CPU
		{AD7001C3-5DD9-46B2-863B-2581D6245540}.Release|x86.Build.0 = Release|Any CPU
		{1332352F-ABA3-4AC9-8860-EC398F6F9A3D}.Debug|Any CPU.ActiveCfg = Debug|Any CPU
		{1332352F-ABA3-4AC9-8860-EC398F6F9A3D}.Debug|Any CPU.Build.0 = Debug|Any CPU
		{1332352F-ABA3-4AC9-8860-EC398F6F9A3D}.Debug|x64.ActiveCfg = Debug|Any CPU
		{1332352F-ABA3-4AC9-8860-EC398F6F9A3D}.Debug|x64.Build.0 = Debug|Any CPU
		{1332352F-ABA3-4AC9-8860-EC398F6F9A3D}.Debug|x86.ActiveCfg = Debug|Any CPU
		{1332352F-ABA3-4AC9-8860-EC398F6F9A3D}.Debug|x86.Build.0 = Debug|Any CPU
		{1332352F-ABA3-4AC9-8860-EC398F6F9A3D}.Release|Any CPU.ActiveCfg = Release|Any CPU
		{1332352F-ABA3-4AC9-8860-EC398F6F9A3D}.Release|Any CPU.Build.0 = Release|Any CPU
		{1332352F-ABA3-4AC9-8860-EC398F6F9A3D}.Release|x64.ActiveCfg = Release|Any CPU
		{1332352F-ABA3-4AC9-8860-EC398F6F9A3D}.Release|x64.Build.0 = Release|Any CPU
		{1332352F-ABA3-4AC9-8860-EC398F6F9A3D}.Release|x86.ActiveCfg = Release|Any CPU
		{1332352F-ABA3-4AC9-8860-EC398F6F9A3D}.Release|x86.Build.0 = Release|Any CPU
		{93B9CF8B-A804-4D00-810D-1F85238F35D3}.Debug|Any CPU.ActiveCfg = Debug|Any CPU
		{93B9CF8B-A804-4D00-810D-1F85238F35D3}.Debug|Any CPU.Build.0 = Debug|Any CPU
		{93B9CF8B-A804-4D00-810D-1F85238F35D3}.Debug|x64.ActiveCfg = Debug|Any CPU
		{93B9CF8B-A804-4D00-810D-1F85238F35D3}.Debug|x64.Build.0 = Debug|Any CPU
		{93B9CF8B-A804-4D00-810D-1F85238F35D3}.Debug|x86.ActiveCfg = Debug|Any CPU
		{93B9CF8B-A804-4D00-810D-1F85238F35D3}.Debug|x86.Build.0 = Debug|Any CPU
		{93B9CF8B-A804-4D00-810D-1F85238F35D3}.Release|Any CPU.ActiveCfg = Release|Any CPU
		{93B9CF8B-A804-4D00-810D-1F85238F35D3}.Release|Any CPU.Build.0 = Release|Any CPU
		{93B9CF8B-A804-4D00-810D-1F85238F35D3}.Release|x64.ActiveCfg = Release|Any CPU
		{93B9CF8B-A804-4D00-810D-1F85238F35D3}.Release|x64.Build.0 = Release|Any CPU
		{93B9CF8B-A804-4D00-810D-1F85238F35D3}.Release|x86.ActiveCfg = Release|Any CPU
		{93B9CF8B-A804-4D00-810D-1F85238F35D3}.Release|x86.Build.0 = Release|Any CPU
		{068309FF-2D7A-4163-B734-7FE80E130835}.Debug|Any CPU.ActiveCfg = Debug|Any CPU
		{068309FF-2D7A-4163-B734-7FE80E130835}.Debug|Any CPU.Build.0 = Debug|Any CPU
		{068309FF-2D7A-4163-B734-7FE80E130835}.Debug|x64.ActiveCfg = Debug|Any CPU
		{068309FF-2D7A-4163-B734-7FE80E130835}.Debug|x64.Build.0 = Debug|Any CPU
		{068309FF-2D7A-4163-B734-7FE80E130835}.Debug|x86.ActiveCfg = Debug|Any CPU
		{068309FF-2D7A-4163-B734-7FE80E130835}.Debug|x86.Build.0 = Debug|Any CPU
		{068309FF-2D7A-4163-B734-7FE80E130835}.Release|Any CPU.ActiveCfg = Release|Any CPU
		{068309FF-2D7A-4163-B734-7FE80E130835}.Release|Any CPU.Build.0 = Release|Any CPU
		{068309FF-2D7A-4163-B734-7FE80E130835}.Release|x64.ActiveCfg = Release|Any CPU
		{068309FF-2D7A-4163-B734-7FE80E130835}.Release|x64.Build.0 = Release|Any CPU
		{068309FF-2D7A-4163-B734-7FE80E130835}.Release|x86.ActiveCfg = Release|Any CPU
		{068309FF-2D7A-4163-B734-7FE80E130835}.Release|x86.Build.0 = Release|Any CPU
		{6E18B518-3F12-41CA-9741-80E814B3944B}.Debug|Any CPU.ActiveCfg = Debug|Any CPU
		{6E18B518-3F12-41CA-9741-80E814B3944B}.Debug|Any CPU.Build.0 = Debug|Any CPU
		{6E18B518-3F12-41CA-9741-80E814B3944B}.Debug|x64.ActiveCfg = Debug|Any CPU
		{6E18B518-3F12-41CA-9741-80E814B3944B}.Debug|x64.Build.0 = Debug|Any CPU
		{6E18B518-3F12-41CA-9741-80E814B3944B}.Debug|x86.ActiveCfg = Debug|Any CPU
		{6E18B518-3F12-41CA-9741-80E814B3944B}.Debug|x86.Build.0 = Debug|Any CPU
		{6E18B518-3F12-41CA-9741-80E814B3944B}.Release|Any CPU.ActiveCfg = Release|Any CPU
		{6E18B518-3F12-41CA-9741-80E814B3944B}.Release|Any CPU.Build.0 = Release|Any CPU
		{6E18B518-3F12-41CA-9741-80E814B3944B}.Release|x64.ActiveCfg = Release|Any CPU
		{6E18B518-3F12-41CA-9741-80E814B3944B}.Release|x64.Build.0 = Release|Any CPU
		{6E18B518-3F12-41CA-9741-80E814B3944B}.Release|x86.ActiveCfg = Release|Any CPU
		{6E18B518-3F12-41CA-9741-80E814B3944B}.Release|x86.Build.0 = Release|Any CPU
		{DC43A217-AC1D-44E0-B3BF-7E2CD0E85047}.Debug|Any CPU.ActiveCfg = Debug|Any CPU
		{DC43A217-AC1D-44E0-B3BF-7E2CD0E85047}.Debug|Any CPU.Build.0 = Debug|Any CPU
		{DC43A217-AC1D-44E0-B3BF-7E2CD0E85047}.Debug|x64.ActiveCfg = Debug|Any CPU
		{DC43A217-AC1D-44E0-B3BF-7E2CD0E85047}.Debug|x64.Build.0 = Debug|Any CPU
		{DC43A217-AC1D-44E0-B3BF-7E2CD0E85047}.Debug|x86.ActiveCfg = Debug|Any CPU
		{DC43A217-AC1D-44E0-B3BF-7E2CD0E85047}.Debug|x86.Build.0 = Debug|Any CPU
		{DC43A217-AC1D-44E0-B3BF-7E2CD0E85047}.Release|Any CPU.ActiveCfg = Release|Any CPU
		{DC43A217-AC1D-44E0-B3BF-7E2CD0E85047}.Release|Any CPU.Build.0 = Release|Any CPU
		{DC43A217-AC1D-44E0-B3BF-7E2CD0E85047}.Release|x64.ActiveCfg = Release|Any CPU
		{DC43A217-AC1D-44E0-B3BF-7E2CD0E85047}.Release|x64.Build.0 = Release|Any CPU
		{DC43A217-AC1D-44E0-B3BF-7E2CD0E85047}.Release|x86.ActiveCfg = Release|Any CPU
		{DC43A217-AC1D-44E0-B3BF-7E2CD0E85047}.Release|x86.Build.0 = Release|Any CPU
		{8C3426CD-83F9-43F9-ADD2-70B43FC300D8}.Debug|Any CPU.ActiveCfg = Debug|Any CPU
		{8C3426CD-83F9-43F9-ADD2-70B43FC300D8}.Debug|Any CPU.Build.0 = Debug|Any CPU
		{8C3426CD-83F9-43F9-ADD2-70B43FC300D8}.Debug|x64.ActiveCfg = Debug|Any CPU
		{8C3426CD-83F9-43F9-ADD2-70B43FC300D8}.Debug|x64.Build.0 = Debug|Any CPU
		{8C3426CD-83F9-43F9-ADD2-70B43FC300D8}.Debug|x86.ActiveCfg = Debug|Any CPU
		{8C3426CD-83F9-43F9-ADD2-70B43FC300D8}.Debug|x86.Build.0 = Debug|Any CPU
		{8C3426CD-83F9-43F9-ADD2-70B43FC300D8}.Release|Any CPU.ActiveCfg = Release|Any CPU
		{8C3426CD-83F9-43F9-ADD2-70B43FC300D8}.Release|Any CPU.Build.0 = Release|Any CPU
		{8C3426CD-83F9-43F9-ADD2-70B43FC300D8}.Release|x64.ActiveCfg = Release|Any CPU
		{8C3426CD-83F9-43F9-ADD2-70B43FC300D8}.Release|x64.Build.0 = Release|Any CPU
		{8C3426CD-83F9-43F9-ADD2-70B43FC300D8}.Release|x86.ActiveCfg = Release|Any CPU
		{8C3426CD-83F9-43F9-ADD2-70B43FC300D8}.Release|x86.Build.0 = Release|Any CPU
		{BD8AF8C8-4BCA-49D2-84C1-9DE35547E0A4}.Debug|Any CPU.ActiveCfg = Debug|Any CPU
		{BD8AF8C8-4BCA-49D2-84C1-9DE35547E0A4}.Debug|Any CPU.Build.0 = Debug|Any CPU
		{BD8AF8C8-4BCA-49D2-84C1-9DE35547E0A4}.Debug|x64.ActiveCfg = Debug|Any CPU
		{BD8AF8C8-4BCA-49D2-84C1-9DE35547E0A4}.Debug|x64.Build.0 = Debug|Any CPU
		{BD8AF8C8-4BCA-49D2-84C1-9DE35547E0A4}.Debug|x86.ActiveCfg = Debug|Any CPU
		{BD8AF8C8-4BCA-49D2-84C1-9DE35547E0A4}.Debug|x86.Build.0 = Debug|Any CPU
		{BD8AF8C8-4BCA-49D2-84C1-9DE35547E0A4}.Release|Any CPU.ActiveCfg = Release|Any CPU
		{BD8AF8C8-4BCA-49D2-84C1-9DE35547E0A4}.Release|Any CPU.Build.0 = Release|Any CPU
		{BD8AF8C8-4BCA-49D2-84C1-9DE35547E0A4}.Release|x64.ActiveCfg = Release|Any CPU
		{BD8AF8C8-4BCA-49D2-84C1-9DE35547E0A4}.Release|x64.Build.0 = Release|Any CPU
		{BD8AF8C8-4BCA-49D2-84C1-9DE35547E0A4}.Release|x86.ActiveCfg = Release|Any CPU
		{BD8AF8C8-4BCA-49D2-84C1-9DE35547E0A4}.Release|x86.Build.0 = Release|Any CPU
		{6B0FF711-20E6-4220-A1FF-B89F9CD944BD}.Debug|Any CPU.ActiveCfg = Debug|Any CPU
		{6B0FF711-20E6-4220-A1FF-B89F9CD944BD}.Debug|Any CPU.Build.0 = Debug|Any CPU
		{6B0FF711-20E6-4220-A1FF-B89F9CD944BD}.Debug|x64.ActiveCfg = Debug|Any CPU
		{6B0FF711-20E6-4220-A1FF-B89F9CD944BD}.Debug|x64.Build.0 = Debug|Any CPU
		{6B0FF711-20E6-4220-A1FF-B89F9CD944BD}.Debug|x86.ActiveCfg = Debug|Any CPU
		{6B0FF711-20E6-4220-A1FF-B89F9CD944BD}.Debug|x86.Build.0 = Debug|Any CPU
		{6B0FF711-20E6-4220-A1FF-B89F9CD944BD}.Release|Any CPU.ActiveCfg = Release|Any CPU
		{6B0FF711-20E6-4220-A1FF-B89F9CD944BD}.Release|Any CPU.Build.0 = Release|Any CPU
		{6B0FF711-20E6-4220-A1FF-B89F9CD944BD}.Release|x64.ActiveCfg = Release|Any CPU
		{6B0FF711-20E6-4220-A1FF-B89F9CD944BD}.Release|x64.Build.0 = Release|Any CPU
		{6B0FF711-20E6-4220-A1FF-B89F9CD944BD}.Release|x86.ActiveCfg = Release|Any CPU
		{6B0FF711-20E6-4220-A1FF-B89F9CD944BD}.Release|x86.Build.0 = Release|Any CPU
	EndGlobalSection
	GlobalSection(SolutionProperties) = preSolution
		HideSolutionNode = FALSE
	EndGlobalSection
	GlobalSection(NestedProjects) = preSolution
		{7CE724B6-0C78-4DD9-8C05-09B768445B09} = {38B97986-BDEA-4FDA-A7C4-E2584D17A573}
		{31075AF6-8726-4619-89C4-261C13E5B1A5} = {38B97986-BDEA-4FDA-A7C4-E2584D17A573}
		{6231724F-9B7D-45DB-BA3A-0F51A04BEDC3} = {38B97986-BDEA-4FDA-A7C4-E2584D17A573}
		{FFAB2CF7-AD44-4F41-B873-09827CEF2652} = {38B97986-BDEA-4FDA-A7C4-E2584D17A573}
		{0D857706-4B0C-4E86-A086-79A51DDC351E} = {FFAB2CF7-AD44-4F41-B873-09827CEF2652}
		{781CA735-5EFE-47DE-A724-ED2EB38EAF10} = {0D857706-4B0C-4E86-A086-79A51DDC351E}
		{A3996336-EBC0-4B49-B394-4A2D717C5B44} = {FFAB2CF7-AD44-4F41-B873-09827CEF2652}
		{473F3BD6-5F43-4AF5-908C-697FF3F1ADF8} = {A3996336-EBC0-4B49-B394-4A2D717C5B44}
		{5D23445D-08B5-47DD-9AB8-F25A54F9A4B9} = {A3996336-EBC0-4B49-B394-4A2D717C5B44}
		{2486A3A3-A824-4BAE-97D1-BA5871D4784F} = {A3996336-EBC0-4B49-B394-4A2D717C5B44}
		{71607A8D-2C61-4614-8E82-AE3D81E83DBE} = {0D857706-4B0C-4E86-A086-79A51DDC351E}
		{3A4B48C1-2822-4B51-8BD5-D566E2DBFADF} = {0D857706-4B0C-4E86-A086-79A51DDC351E}
		{A4AA9BD4-D6C7-48F4-BF3C-EB1B4BEFE1BD} = {0D857706-4B0C-4E86-A086-79A51DDC351E}
		{2A5A0A22-1ECE-420B-913B-C7BE90AF809E} = {0D857706-4B0C-4E86-A086-79A51DDC351E}
		{58FE8C23-1544-415F-B5B4-20CDC27861CD} = {0D857706-4B0C-4E86-A086-79A51DDC351E}
		{E103EE74-BE82-48F0-8979-B54929EF4743} = {0D857706-4B0C-4E86-A086-79A51DDC351E}
		{77BE2308-FA2A-46BF-A545-A2790449F594} = {0D857706-4B0C-4E86-A086-79A51DDC351E}
		{3E567176-9396-4E88-9741-2B818472AC83} = {0D857706-4B0C-4E86-A086-79A51DDC351E}
		{C4E016E4-1010-40F6-BD59-770B64F91540} = {0D857706-4B0C-4E86-A086-79A51DDC351E}
		{AC198FD4-C8C3-4CA5-9F87-84869F4F85AB} = {0D857706-4B0C-4E86-A086-79A51DDC351E}
		{363FF51A-B23C-4343-B7E9-C64A8A3AC803} = {0D857706-4B0C-4E86-A086-79A51DDC351E}
		{6E78FE2B-A7E9-47D9-A3D1-B09220765992} = {0D857706-4B0C-4E86-A086-79A51DDC351E}
		{731859A6-FB3D-4C61-9B03-BE0F1B417307} = {0D857706-4B0C-4E86-A086-79A51DDC351E}
		{A3E4C3C4-BA55-4B4B-9A09-2D1F952C1C78} = {0D857706-4B0C-4E86-A086-79A51DDC351E}
		{7BE00BD5-448E-4735-8F5C-1DE8E6649ADE} = {0D857706-4B0C-4E86-A086-79A51DDC351E}
		{822F1B87-5DB0-44DB-A5D5-FB71656A9F54} = {0D857706-4B0C-4E86-A086-79A51DDC351E}
		{37E36121-B7B0-4297-BF4D-2F9498A3BB5D} = {0D857706-4B0C-4E86-A086-79A51DDC351E}
		{AD7001C3-5DD9-46B2-863B-2581D6245540} = {0D857706-4B0C-4E86-A086-79A51DDC351E}
		{1332352F-ABA3-4AC9-8860-EC398F6F9A3D} = {0D857706-4B0C-4E86-A086-79A51DDC351E}
		{93B9CF8B-A804-4D00-810D-1F85238F35D3} = {0D857706-4B0C-4E86-A086-79A51DDC351E}
		{068309FF-2D7A-4163-B734-7FE80E130835} = {0D857706-4B0C-4E86-A086-79A51DDC351E}
		{6E18B518-3F12-41CA-9741-80E814B3944B} = {38B97986-BDEA-4FDA-A7C4-E2584D17A573}
		{DC43A217-AC1D-44E0-B3BF-7E2CD0E85047} = {0D857706-4B0C-4E86-A086-79A51DDC351E}
		{8C3426CD-83F9-43F9-ADD2-70B43FC300D8} = {0D857706-4B0C-4E86-A086-79A51DDC351E}
		{BD8AF8C8-4BCA-49D2-84C1-9DE35547E0A4} = {0D857706-4B0C-4E86-A086-79A51DDC351E}
		{6B0FF711-20E6-4220-A1FF-B89F9CD944BD} = {A3996336-EBC0-4B49-B394-4A2D717C5B44}
	EndGlobalSection
	GlobalSection(ExtensibilityGlobals) = postSolution
		SolutionGuid = {B10669BA-EA0E-4A1C-8B50-BD906A20D461}
	EndGlobalSection
EndGlobal
