
Microsoft Visual Studio Solution File, Format Version 12.00
# Visual Studio Version 16
VisualStudioVersion = 16.0.30615.102
MinimumVisualStudioVersion = 15.0.26124.0
Project("{2150E333-8FDC-42A3-9474-1A3956D46DE8}") = "src", "src", "{38B97986-BDEA-4FDA-A7C4-E2584D17A573}"
EndProject
Project("{9A19103F-16F7-4668-BE54-9A1E7A4F7556}") = "SourceGenerator", "src\source-generator\SourceGenerator.csproj", "{7CE724B6-0C78-4DD9-8C05-09B768445B09}"
EndProject
Project("{2150E333-8FDC-42A3-9474-1A3956D46DE8}") = "Solution Items", "Solution Items", "{3F68CDF8-528B-4326-BC38-C3E60CD64E26}"
	ProjectSection(SolutionItems) = preProject
		.editorconfig = .editorconfig
		Directory.Build.props = Directory.Build.props
		Directory.Build.targets = Directory.Build.targets
	EndProjectSection
EndProject
Project("{9A19103F-16F7-4668-BE54-9A1E7A4F7556}") = "Runner", "src\runner\Runner.csproj", "{31075AF6-8726-4619-89C4-261C13E5B1A5}"
EndProject
Project("{9A19103F-16F7-4668-BE54-9A1E7A4F7556}") = "Shared", "src\shared\Shared.csproj", "{6231724F-9B7D-45DB-BA3A-0F51A04BEDC3}"
EndProject
Project("{2150E333-8FDC-42A3-9474-1A3956D46DE8}") = "years", "years", "{FFAB2CF7-AD44-4F41-B873-09827CEF2652}"
	ProjectSection(SolutionItems) = preProject
		src\years\Directory.Build.targets = src\years\Directory.Build.targets
	EndProjectSection
EndProject
Project("{2150E333-8FDC-42A3-9474-1A3956D46DE8}") = "2020", "2020", "{0D857706-4B0C-4E86-A086-79A51DDC351E}"
EndProject
Project("{9A19103F-16F7-4668-BE54-9A1E7A4F7556}") = "DayOne2020", "src\years\2020\day-one\DayOne2020.csproj", "{781CA735-5EFE-47DE-A724-ED2EB38EAF10}"
EndProject
Project("{2150E333-8FDC-42A3-9474-1A3956D46DE8}") = "2019", "2019", "{A3996336-EBC0-4B49-B394-4A2D717C5B44}"
EndProject
Project("{9A19103F-16F7-4668-BE54-9A1E7A4F7556}") = "DayOne2019", "src\years\2019\day-one\DayOne2019.csproj", "{473F3BD6-5F43-4AF5-908C-697FF3F1ADF8}"
EndProject
Project("{9A19103F-16F7-4668-BE54-9A1E7A4F7556}") = "DayTwentyTwo2019", "src\years\2019\day-twenty-two\DayTwentyTwo2019.csproj", "{5D23445D-08B5-47DD-9AB8-F25A54F9A4B9}"
EndProject
Project("{9A19103F-16F7-4668-BE54-9A1E7A4F7556}") = "DayEighteen2019", "src\years\2019\day-eighteen\DayEighteen2019.csproj", "{2486A3A3-A824-4BAE-97D1-BA5871D4784F}"
EndProject
Project("{9A19103F-16F7-4668-BE54-9A1E7A4F7556}") = "DayTwo2020", "src\years\2020\day-two\DayTwo2020.csproj", "{71607A8D-2C61-4614-8E82-AE3D81E83DBE}"
EndProject
Project("{9A19103F-16F7-4668-BE54-9A1E7A4F7556}") = "DayThree2020", "src\years\2020\day-three\DayThree2020.csproj", "{3A4B48C1-2822-4B51-8BD5-D566E2DBFADF}"
EndProject
Project("{9A19103F-16F7-4668-BE54-9A1E7A4F7556}") = "DayFour2020", "src\years\2020\day-four\DayFour2020.csproj", "{A4AA9BD4-D6C7-48F4-BF3C-EB1B4BEFE1BD}"
EndProject
Global
	GlobalSection(SolutionConfigurationPlatforms) = preSolution
		Debug|Any CPU = Debug|Any CPU
		Debug|x64 = Debug|x64
		Debug|x86 = Debug|x86
		Release|Any CPU = Release|Any CPU
		Release|x64 = Release|x64
		Release|x86 = Release|x86
	EndGlobalSection
	GlobalSection(ProjectConfigurationPlatforms) = postSolution
		{7CE724B6-0C78-4DD9-8C05-09B768445B09}.Debug|Any CPU.ActiveCfg = Debug|Any CPU
		{7CE724B6-0C78-4DD9-8C05-09B768445B09}.Debug|Any CPU.Build.0 = Debug|Any CPU
		{7CE724B6-0C78-4DD9-8C05-09B768445B09}.Debug|x64.ActiveCfg = Debug|Any CPU
		{7CE724B6-0C78-4DD9-8C05-09B768445B09}.Debug|x64.Build.0 = Debug|Any CPU
		{7CE724B6-0C78-4DD9-8C05-09B768445B09}.Debug|x86.ActiveCfg = Debug|Any CPU
		{7CE724B6-0C78-4DD9-8C05-09B768445B09}.Debug|x86.Build.0 = Debug|Any CPU
		{7CE724B6-0C78-4DD9-8C05-09B768445B09}.Release|Any CPU.ActiveCfg = Release|Any CPU
		{7CE724B6-0C78-4DD9-8C05-09B768445B09}.Release|Any CPU.Build.0 = Release|Any CPU
		{7CE724B6-0C78-4DD9-8C05-09B768445B09}.Release|x64.ActiveCfg = Release|Any CPU
		{7CE724B6-0C78-4DD9-8C05-09B768445B09}.Release|x64.Build.0 = Release|Any CPU
		{7CE724B6-0C78-4DD9-8C05-09B768445B09}.Release|x86.ActiveCfg = Release|Any CPU
		{7CE724B6-0C78-4DD9-8C05-09B768445B09}.Release|x86.Build.0 = Release|Any CPU
		{31075AF6-8726-4619-89C4-261C13E5B1A5}.Debug|Any CPU.ActiveCfg = Debug|Any CPU
		{31075AF6-8726-4619-89C4-261C13E5B1A5}.Debug|Any CPU.Build.0 = Debug|Any CPU
		{31075AF6-8726-4619-89C4-261C13E5B1A5}.Debug|x64.ActiveCfg = Debug|Any CPU
		{31075AF6-8726-4619-89C4-261C13E5B1A5}.Debug|x64.Build.0 = Debug|Any CPU
		{31075AF6-8726-4619-89C4-261C13E5B1A5}.Debug|x86.ActiveCfg = Debug|Any CPU
		{31075AF6-8726-4619-89C4-261C13E5B1A5}.Debug|x86.Build.0 = Debug|Any CPU
		{31075AF6-8726-4619-89C4-261C13E5B1A5}.Release|Any CPU.ActiveCfg = Release|Any CPU
		{31075AF6-8726-4619-89C4-261C13E5B1A5}.Release|Any CPU.Build.0 = Release|Any CPU
		{31075AF6-8726-4619-89C4-261C13E5B1A5}.Release|x64.ActiveCfg = Release|Any CPU
		{31075AF6-8726-4619-89C4-261C13E5B1A5}.Release|x64.Build.0 = Release|Any CPU
		{31075AF6-8726-4619-89C4-261C13E5B1A5}.Release|x86.ActiveCfg = Release|Any CPU
		{31075AF6-8726-4619-89C4-261C13E5B1A5}.Release|x86.Build.0 = Release|Any CPU
		{6231724F-9B7D-45DB-BA3A-0F51A04BEDC3}.Debug|Any CPU.ActiveCfg = Debug|Any CPU
		{6231724F-9B7D-45DB-BA3A-0F51A04BEDC3}.Debug|Any CPU.Build.0 = Debug|Any CPU
		{6231724F-9B7D-45DB-BA3A-0F51A04BEDC3}.Debug|x64.ActiveCfg = Debug|Any CPU
		{6231724F-9B7D-45DB-BA3A-0F51A04BEDC3}.Debug|x64.Build.0 = Debug|Any CPU
		{6231724F-9B7D-45DB-BA3A-0F51A04BEDC3}.Debug|x86.ActiveCfg = Debug|Any CPU
		{6231724F-9B7D-45DB-BA3A-0F51A04BEDC3}.Debug|x86.Build.0 = Debug|Any CPU
		{6231724F-9B7D-45DB-BA3A-0F51A04BEDC3}.Release|Any CPU.ActiveCfg = Release|Any CPU
		{6231724F-9B7D-45DB-BA3A-0F51A04BEDC3}.Release|Any CPU.Build.0 = Release|Any CPU
		{6231724F-9B7D-45DB-BA3A-0F51A04BEDC3}.Release|x64.ActiveCfg = Release|Any CPU
		{6231724F-9B7D-45DB-BA3A-0F51A04BEDC3}.Release|x64.Build.0 = Release|Any CPU
		{6231724F-9B7D-45DB-BA3A-0F51A04BEDC3}.Release|x86.ActiveCfg = Release|Any CPU
		{6231724F-9B7D-45DB-BA3A-0F51A04BEDC3}.Release|x86.Build.0 = Release|Any CPU
		{781CA735-5EFE-47DE-A724-ED2EB38EAF10}.Debug|Any CPU.ActiveCfg = Debug|Any CPU
		{781CA735-5EFE-47DE-A724-ED2EB38EAF10}.Debug|Any CPU.Build.0 = Debug|Any CPU
		{781CA735-5EFE-47DE-A724-ED2EB38EAF10}.Debug|x64.ActiveCfg = Debug|Any CPU
		{781CA735-5EFE-47DE-A724-ED2EB38EAF10}.Debug|x64.Build.0 = Debug|Any CPU
		{781CA735-5EFE-47DE-A724-ED2EB38EAF10}.Debug|x86.ActiveCfg = Debug|Any CPU
		{781CA735-5EFE-47DE-A724-ED2EB38EAF10}.Debug|x86.Build.0 = Debug|Any CPU
		{781CA735-5EFE-47DE-A724-ED2EB38EAF10}.Release|Any CPU.ActiveCfg = Release|Any CPU
		{781CA735-5EFE-47DE-A724-ED2EB38EAF10}.Release|Any CPU.Build.0 = Release|Any CPU
		{781CA735-5EFE-47DE-A724-ED2EB38EAF10}.Release|x64.ActiveCfg = Release|Any CPU
		{781CA735-5EFE-47DE-A724-ED2EB38EAF10}.Release|x64.Build.0 = Release|Any CPU
		{781CA735-5EFE-47DE-A724-ED2EB38EAF10}.Release|x86.ActiveCfg = Release|Any CPU
		{781CA735-5EFE-47DE-A724-ED2EB38EAF10}.Release|x86.Build.0 = Release|Any CPU
		{473F3BD6-5F43-4AF5-908C-697FF3F1ADF8}.Debug|Any CPU.ActiveCfg = Debug|Any CPU
		{473F3BD6-5F43-4AF5-908C-697FF3F1ADF8}.Debug|Any CPU.Build.0 = Debug|Any CPU
		{473F3BD6-5F43-4AF5-908C-697FF3F1ADF8}.Debug|x64.ActiveCfg = Debug|Any CPU
		{473F3BD6-5F43-4AF5-908C-697FF3F1ADF8}.Debug|x64.Build.0 = Debug|Any CPU
		{473F3BD6-5F43-4AF5-908C-697FF3F1ADF8}.Debug|x86.ActiveCfg = Debug|Any CPU
		{473F3BD6-5F43-4AF5-908C-697FF3F1ADF8}.Debug|x86.Build.0 = Debug|Any CPU
		{473F3BD6-5F43-4AF5-908C-697FF3F1ADF8}.Release|Any CPU.ActiveCfg = Release|Any CPU
		{473F3BD6-5F43-4AF5-908C-697FF3F1ADF8}.Release|Any CPU.Build.0 = Release|Any CPU
		{473F3BD6-5F43-4AF5-908C-697FF3F1ADF8}.Release|x64.ActiveCfg = Release|Any CPU
		{473F3BD6-5F43-4AF5-908C-697FF3F1ADF8}.Release|x64.Build.0 = Release|Any CPU
		{473F3BD6-5F43-4AF5-908C-697FF3F1ADF8}.Release|x86.ActiveCfg = Release|Any CPU
		{473F3BD6-5F43-4AF5-908C-697FF3F1ADF8}.Release|x86.Build.0 = Release|Any CPU
		{5D23445D-08B5-47DD-9AB8-F25A54F9A4B9}.Debug|Any CPU.ActiveCfg = Debug|Any CPU
		{5D23445D-08B5-47DD-9AB8-F25A54F9A4B9}.Debug|Any CPU.Build.0 = Debug|Any CPU
		{5D23445D-08B5-47DD-9AB8-F25A54F9A4B9}.Debug|x64.ActiveCfg = Debug|Any CPU
		{5D23445D-08B5-47DD-9AB8-F25A54F9A4B9}.Debug|x64.Build.0 = Debug|Any CPU
		{5D23445D-08B5-47DD-9AB8-F25A54F9A4B9}.Debug|x86.ActiveCfg = Debug|Any CPU
		{5D23445D-08B5-47DD-9AB8-F25A54F9A4B9}.Debug|x86.Build.0 = Debug|Any CPU
		{5D23445D-08B5-47DD-9AB8-F25A54F9A4B9}.Release|Any CPU.ActiveCfg = Release|Any CPU
		{5D23445D-08B5-47DD-9AB8-F25A54F9A4B9}.Release|Any CPU.Build.0 = Release|Any CPU
		{5D23445D-08B5-47DD-9AB8-F25A54F9A4B9}.Release|x64.ActiveCfg = Release|Any CPU
		{5D23445D-08B5-47DD-9AB8-F25A54F9A4B9}.Release|x64.Build.0 = Release|Any CPU
		{5D23445D-08B5-47DD-9AB8-F25A54F9A4B9}.Release|x86.ActiveCfg = Release|Any CPU
		{5D23445D-08B5-47DD-9AB8-F25A54F9A4B9}.Release|x86.Build.0 = Release|Any CPU
		{2486A3A3-A824-4BAE-97D1-BA5871D4784F}.Debug|Any CPU.ActiveCfg = Debug|Any CPU
		{2486A3A3-A824-4BAE-97D1-BA5871D4784F}.Debug|Any CPU.Build.0 = Debug|Any CPU
		{2486A3A3-A824-4BAE-97D1-BA5871D4784F}.Debug|x64.ActiveCfg = Debug|Any CPU
		{2486A3A3-A824-4BAE-97D1-BA5871D4784F}.Debug|x64.Build.0 = Debug|Any CPU
		{2486A3A3-A824-4BAE-97D1-BA5871D4784F}.Debug|x86.ActiveCfg = Debug|Any CPU
		{2486A3A3-A824-4BAE-97D1-BA5871D4784F}.Debug|x86.Build.0 = Debug|Any CPU
		{2486A3A3-A824-4BAE-97D1-BA5871D4784F}.Release|Any CPU.ActiveCfg = Release|Any CPU
		{2486A3A3-A824-4BAE-97D1-BA5871D4784F}.Release|Any CPU.Build.0 = Release|Any CPU
		{2486A3A3-A824-4BAE-97D1-BA5871D4784F}.Release|x64.ActiveCfg = Release|Any CPU
		{2486A3A3-A824-4BAE-97D1-BA5871D4784F}.Release|x64.Build.0 = Release|Any CPU
		{2486A3A3-A824-4BAE-97D1-BA5871D4784F}.Release|x86.ActiveCfg = Release|Any CPU
		{2486A3A3-A824-4BAE-97D1-BA5871D4784F}.Release|x86.Build.0 = Release|Any CPU
		{71607A8D-2C61-4614-8E82-AE3D81E83DBE}.Debug|Any CPU.ActiveCfg = Debug|Any CPU
		{71607A8D-2C61-4614-8E82-AE3D81E83DBE}.Debug|Any CPU.Build.0 = Debug|Any CPU
		{71607A8D-2C61-4614-8E82-AE3D81E83DBE}.Debug|x64.ActiveCfg = Debug|Any CPU
		{71607A8D-2C61-4614-8E82-AE3D81E83DBE}.Debug|x64.Build.0 = Debug|Any CPU
		{71607A8D-2C61-4614-8E82-AE3D81E83DBE}.Debug|x86.ActiveCfg = Debug|Any CPU
		{71607A8D-2C61-4614-8E82-AE3D81E83DBE}.Debug|x86.Build.0 = Debug|Any CPU
		{71607A8D-2C61-4614-8E82-AE3D81E83DBE}.Release|Any CPU.ActiveCfg = Release|Any CPU
		{71607A8D-2C61-4614-8E82-AE3D81E83DBE}.Release|Any CPU.Build.0 = Release|Any CPU
		{71607A8D-2C61-4614-8E82-AE3D81E83DBE}.Release|x64.ActiveCfg = Release|Any CPU
		{71607A8D-2C61-4614-8E82-AE3D81E83DBE}.Release|x64.Build.0 = Release|Any CPU
		{71607A8D-2C61-4614-8E82-AE3D81E83DBE}.Release|x86.ActiveCfg = Release|Any CPU
		{71607A8D-2C61-4614-8E82-AE3D81E83DBE}.Release|x86.Build.0 = Release|Any CPU
		{3A4B48C1-2822-4B51-8BD5-D566E2DBFADF}.Debug|Any CPU.ActiveCfg = Debug|Any CPU
		{3A4B48C1-2822-4B51-8BD5-D566E2DBFADF}.Debug|Any CPU.Build.0 = Debug|Any CPU
		{3A4B48C1-2822-4B51-8BD5-D566E2DBFADF}.Debug|x64.ActiveCfg = Debug|Any CPU
		{3A4B48C1-2822-4B51-8BD5-D566E2DBFADF}.Debug|x64.Build.0 = Debug|Any CPU
		{3A4B48C1-2822-4B51-8BD5-D566E2DBFADF}.Debug|x86.ActiveCfg = Debug|Any CPU
		{3A4B48C1-2822-4B51-8BD5-D566E2DBFADF}.Debug|x86.Build.0 = Debug|Any CPU
		{3A4B48C1-2822-4B51-8BD5-D566E2DBFADF}.Release|Any CPU.ActiveCfg = Release|Any CPU
		{3A4B48C1-2822-4B51-8BD5-D566E2DBFADF}.Release|Any CPU.Build.0 = Release|Any CPU
		{3A4B48C1-2822-4B51-8BD5-D566E2DBFADF}.Release|x64.ActiveCfg = Release|Any CPU
		{3A4B48C1-2822-4B51-8BD5-D566E2DBFADF}.Release|x64.Build.0 = Release|Any CPU
		{3A4B48C1-2822-4B51-8BD5-D566E2DBFADF}.Release|x86.ActiveCfg = Release|Any CPU
		{3A4B48C1-2822-4B51-8BD5-D566E2DBFADF}.Release|x86.Build.0 = Release|Any CPU
		{A4AA9BD4-D6C7-48F4-BF3C-EB1B4BEFE1BD}.Debug|Any CPU.ActiveCfg = Debug|Any CPU
		{A4AA9BD4-D6C7-48F4-BF3C-EB1B4BEFE1BD}.Debug|Any CPU.Build.0 = Debug|Any CPU
		{A4AA9BD4-D6C7-48F4-BF3C-EB1B4BEFE1BD}.Debug|x64.ActiveCfg = Debug|Any CPU
		{A4AA9BD4-D6C7-48F4-BF3C-EB1B4BEFE1BD}.Debug|x64.Build.0 = Debug|Any CPU
		{A4AA9BD4-D6C7-48F4-BF3C-EB1B4BEFE1BD}.Debug|x86.ActiveCfg = Debug|Any CPU
		{A4AA9BD4-D6C7-48F4-BF3C-EB1B4BEFE1BD}.Debug|x86.Build.0 = Debug|Any CPU
		{A4AA9BD4-D6C7-48F4-BF3C-EB1B4BEFE1BD}.Release|Any CPU.ActiveCfg = Release|Any CPU
		{A4AA9BD4-D6C7-48F4-BF3C-EB1B4BEFE1BD}.Release|Any CPU.Build.0 = Release|Any CPU
		{A4AA9BD4-D6C7-48F4-BF3C-EB1B4BEFE1BD}.Release|x64.ActiveCfg = Release|Any CPU
		{A4AA9BD4-D6C7-48F4-BF3C-EB1B4BEFE1BD}.Release|x64.Build.0 = Release|Any CPU
		{A4AA9BD4-D6C7-48F4-BF3C-EB1B4BEFE1BD}.Release|x86.ActiveCfg = Release|Any CPU
		{A4AA9BD4-D6C7-48F4-BF3C-EB1B4BEFE1BD}.Release|x86.Build.0 = Release|Any CPU
	EndGlobalSection
	GlobalSection(SolutionProperties) = preSolution
		HideSolutionNode = FALSE
	EndGlobalSection
	GlobalSection(NestedProjects) = preSolution
		{7CE724B6-0C78-4DD9-8C05-09B768445B09} = {38B97986-BDEA-4FDA-A7C4-E2584D17A573}
		{31075AF6-8726-4619-89C4-261C13E5B1A5} = {38B97986-BDEA-4FDA-A7C4-E2584D17A573}
		{6231724F-9B7D-45DB-BA3A-0F51A04BEDC3} = {38B97986-BDEA-4FDA-A7C4-E2584D17A573}
		{FFAB2CF7-AD44-4F41-B873-09827CEF2652} = {38B97986-BDEA-4FDA-A7C4-E2584D17A573}
		{0D857706-4B0C-4E86-A086-79A51DDC351E} = {FFAB2CF7-AD44-4F41-B873-09827CEF2652}
		{781CA735-5EFE-47DE-A724-ED2EB38EAF10} = {0D857706-4B0C-4E86-A086-79A51DDC351E}
		{A3996336-EBC0-4B49-B394-4A2D717C5B44} = {FFAB2CF7-AD44-4F41-B873-09827CEF2652}
		{473F3BD6-5F43-4AF5-908C-697FF3F1ADF8} = {A3996336-EBC0-4B49-B394-4A2D717C5B44}
		{5D23445D-08B5-47DD-9AB8-F25A54F9A4B9} = {A3996336-EBC0-4B49-B394-4A2D717C5B44}
		{2486A3A3-A824-4BAE-97D1-BA5871D4784F} = {A3996336-EBC0-4B49-B394-4A2D717C5B44}
		{71607A8D-2C61-4614-8E82-AE3D81E83DBE} = {0D857706-4B0C-4E86-A086-79A51DDC351E}
		{3A4B48C1-2822-4B51-8BD5-D566E2DBFADF} = {0D857706-4B0C-4E86-A086-79A51DDC351E}
		{A4AA9BD4-D6C7-48F4-BF3C-EB1B4BEFE1BD} = {0D857706-4B0C-4E86-A086-79A51DDC351E}
	EndGlobalSection
	GlobalSection(ExtensibilityGlobals) = postSolution
		SolutionGuid = {B10669BA-EA0E-4A1C-8B50-BD906A20D461}
	EndGlobalSection
EndGlobal
